{
    "name": "serverless-cms-lib",
    "version": "0.0.1",
    "lockfileVersion": 1,
    "requires": true,
    "dependencies": {
        "ng-packager": {
            "version": "1.0.0",
            "resolved": "https://registry.npmjs.org/ng-packager/-/ng-packager-1.0.0.tgz",
            "integrity": "sha512-2RfmhhJ8p6+bATKxx4Gp4KrlTqRVHyxVWLAVWKmfTXJoaJQGw/Bay/pmITDIT1oOnosKbTK+jY74ECFcwkZ/tA==",
            "dev": true
        },
        "tsickle": {
            "version": "0.39.1",
            "resolved": "https://registry.npmjs.org/tsickle/-/tsickle-0.39.1.tgz",
            "integrity": "sha512-CCc9cZhZbKoNizVM+K3Uqgit/go8GacjpqTv1cpwG/n2P0gB9GMoWZbxrUULDE9Wz26Lh86CGf6QyIPUVV1lnQ==",
            "dev": true
        }
    }
}
